// !$*UTF8*$!
{
	archiveVersion = 1;
	classes = {
	};
	objectVersion = 46;
	objects = {

/* Begin PBXBuildFile section */
		9F2E6B4F17C9E15B003BE0B8 /* Social.framework in Frameworks */ = {isa = PBXBuildFile; fileRef = 9F2E6B4E17C9E15B003BE0B8 /* Social.framework */; };
		9F2E6B5117C9E173003BE0B8 /* Accounts.framework in Frameworks */ = {isa = PBXBuildFile; fileRef = 9F2E6B5017C9E173003BE0B8 /* Accounts.framework */; };
		9F2E6B5317C9E188003BE0B8 /* libsqlite3.dylib in Frameworks */ = {isa = PBXBuildFile; fileRef = 9F2E6B5217C9E188003BE0B8 /* libsqlite3.dylib */; };
		9F2E6B5517C9E195003BE0B8 /* Security.framework in Frameworks */ = {isa = PBXBuildFile; fileRef = 9F2E6B5417C9E195003BE0B8 /* Security.framework */; };
		9F2E6B5717C9E1AB003BE0B8 /* AdSupport.framework in Frameworks */ = {isa = PBXBuildFile; fileRef = 9F2E6B5617C9E1AB003BE0B8 /* AdSupport.framework */; };
		9F5849AF17CB56580013F0D0 /* profile_kanye_west.jpg in Resources */ = {isa = PBXBuildFile; fileRef = 9F5849AE17CB56580013F0D0 /* profile_kanye_west.jpg */; };
		9F5849C917CB96880013F0D0 /* app-blurred-bg-1.jpg in Resources */ = {isa = PBXBuildFile; fileRef = 9F5849B417CB96880013F0D0 /* app-blurred-bg-1.jpg */; };
		9F5849CA17CB96880013F0D0 /* app-blurred-bg-10.jpg in Resources */ = {isa = PBXBuildFile; fileRef = 9F5849B517CB96880013F0D0 /* app-blurred-bg-10.jpg */; };
		9F5849CB17CB96880013F0D0 /* app-blurred-bg-11.jpg in Resources */ = {isa = PBXBuildFile; fileRef = 9F5849B617CB96880013F0D0 /* app-blurred-bg-11.jpg */; };
		9F5849CC17CB96880013F0D0 /* app-blurred-bg-12.jpg in Resources */ = {isa = PBXBuildFile; fileRef = 9F5849B717CB96880013F0D0 /* app-blurred-bg-12.jpg */; };
		9F5849CD17CB96880013F0D0 /* app-blurred-bg-13.jpg in Resources */ = {isa = PBXBuildFile; fileRef = 9F5849B817CB96880013F0D0 /* app-blurred-bg-13.jpg */; };
		9F5849CE17CB96880013F0D0 /* app-blurred-bg-14.jpg in Resources */ = {isa = PBXBuildFile; fileRef = 9F5849B917CB96880013F0D0 /* app-blurred-bg-14.jpg */; };
		9F5849CF17CB96880013F0D0 /* app-blurred-bg-15.jpg in Resources */ = {isa = PBXBuildFile; fileRef = 9F5849BA17CB96880013F0D0 /* app-blurred-bg-15.jpg */; };
		9F5849D017CB96880013F0D0 /* app-blurred-bg-16.jpg in Resources */ = {isa = PBXBuildFile; fileRef = 9F5849BB17CB96880013F0D0 /* app-blurred-bg-16.jpg */; };
		9F5849D117CB96880013F0D0 /* app-blurred-bg-17.jpg in Resources */ = {isa = PBXBuildFile; fileRef = 9F5849BC17CB96880013F0D0 /* app-blurred-bg-17.jpg */; };
		9F5849D217CB96880013F0D0 /* app-blurred-bg-18.jpg in Resources */ = {isa = PBXBuildFile; fileRef = 9F5849BD17CB96880013F0D0 /* app-blurred-bg-18.jpg */; };
		9F5849D317CB96880013F0D0 /* app-blurred-bg-19.jpg in Resources */ = {isa = PBXBuildFile; fileRef = 9F5849BE17CB96880013F0D0 /* app-blurred-bg-19.jpg */; };
		9F5849D417CB96880013F0D0 /* app-blurred-bg-2.jpg in Resources */ = {isa = PBXBuildFile; fileRef = 9F5849BF17CB96880013F0D0 /* app-blurred-bg-2.jpg */; };
		9F5849D517CB96880013F0D0 /* app-blurred-bg-20.jpg in Resources */ = {isa = PBXBuildFile; fileRef = 9F5849C017CB96880013F0D0 /* app-blurred-bg-20.jpg */; };
		9F5849D617CB96880013F0D0 /* app-blurred-bg-3.jpg in Resources */ = {isa = PBXBuildFile; fileRef = 9F5849C117CB96880013F0D0 /* app-blurred-bg-3.jpg */; };
		9F5849D717CB96880013F0D0 /* app-blurred-bg-4.jpg in Resources */ = {isa = PBXBuildFile; fileRef = 9F5849C217CB96880013F0D0 /* app-blurred-bg-4.jpg */; };
		9F5849D817CB96880013F0D0 /* app-blurred-bg-5.jpg in Resources */ = {isa = PBXBuildFile; fileRef = 9F5849C317CB96880013F0D0 /* app-blurred-bg-5.jpg */; };
		9F5849D917CB96880013F0D0 /* app-blurred-bg-6.jpg in Resources */ = {isa = PBXBuildFile; fileRef = 9F5849C417CB96880013F0D0 /* app-blurred-bg-6.jpg */; };
		9F5849DA17CB96880013F0D0 /* app-blurred-bg-7.jpg in Resources */ = {isa = PBXBuildFile; fileRef = 9F5849C517CB96880013F0D0 /* app-blurred-bg-7.jpg */; };
		9F5849DB17CB96880013F0D0 /* app-blurred-bg-8.jpg in Resources */ = {isa = PBXBuildFile; fileRef = 9F5849C617CB96880013F0D0 /* app-blurred-bg-8.jpg */; };
		9F5849DC17CB96880013F0D0 /* app-blurred-bg-9.jpg in Resources */ = {isa = PBXBuildFile; fileRef = 9F5849C717CB96880013F0D0 /* app-blurred-bg-9.jpg */; };
		9F5849DD17CB96880013F0D0 /* MediaLoot_License_Agreement.pdf in Resources */ = {isa = PBXBuildFile; fileRef = 9F5849C817CB96880013F0D0 /* MediaLoot_License_Agreement.pdf */; };
		9F5849E017CB9ADE0013F0D0 /* PlayViewController.m in Sources */ = {isa = PBXBuildFile; fileRef = 9F5849DF17CB9ADE0013F0D0 /* PlayViewController.m */; };
		9F59297217CE7C9A000310B4 /* ListViewController.m in Sources */ = {isa = PBXBuildFile; fileRef = 9F59297117CE7C9A000310B4 /* ListViewController.m */; };
		9F59297517CE7F88000310B4 /* XMLParser.m in Sources */ = {isa = PBXBuildFile; fileRef = 9F59297417CE7F88000310B4 /* XMLParser.m */; };
		9F8694A917CD68ED00DD5163 /* MediaPlayer.framework in Frameworks */ = {isa = PBXBuildFile; fileRef = 9F8694A817CD68ED00DD5163 /* MediaPlayer.framework */; };
		9F86F62417C9BB7800D8F576 /* UIKit.framework in Frameworks */ = {isa = PBXBuildFile; fileRef = 9F86F62317C9BB7800D8F576 /* UIKit.framework */; };
		9F86F62617C9BB7800D8F576 /* Foundation.framework in Frameworks */ = {isa = PBXBuildFile; fileRef = 9F86F62517C9BB7800D8F576 /* Foundation.framework */; };
		9F86F62817C9BB7800D8F576 /* CoreGraphics.framework in Frameworks */ = {isa = PBXBuildFile; fileRef = 9F86F62717C9BB7800D8F576 /* CoreGraphics.framework */; };
		9F86F62E17C9BB7800D8F576 /* InfoPlist.strings in Resources */ = {isa = PBXBuildFile; fileRef = 9F86F62C17C9BB7800D8F576 /* InfoPlist.strings */; };
		9F86F63017C9BB7800D8F576 /* main.m in Sources */ = {isa = PBXBuildFile; fileRef = 9F86F62F17C9BB7800D8F576 /* main.m */; };
		9F86F63417C9BB7800D8F576 /* MimpAppDelegate.m in Sources */ = {isa = PBXBuildFile; fileRef = 9F86F63317C9BB7800D8F576 /* MimpAppDelegate.m */; };
		9F86F63617C9BB7800D8F576 /* Default.png in Resources */ = {isa = PBXBuildFile; fileRef = 9F86F63517C9BB7800D8F576 /* Default.png */; };
		9F86F63817C9BB7800D8F576 /* Default@2x.png in Resources */ = {isa = PBXBuildFile; fileRef = 9F86F63717C9BB7800D8F576 /* Default@2x.png */; };
		9F86F63A17C9BB7800D8F576 /* Default-568h@2x.png in Resources */ = {isa = PBXBuildFile; fileRef = 9F86F63917C9BB7800D8F576 /* Default-568h@2x.png */; };
		9F86F64017C9BB7800D8F576 /* MimpViewController.m in Sources */ = {isa = PBXBuildFile; fileRef = 9F86F63F17C9BB7800D8F576 /* MimpViewController.m */; };
		9F86F64C17C9BB9400D8F576 /* background.jpeg in Resources */ = {isa = PBXBuildFile; fileRef = 9F86F64717C9BB9400D8F576 /* background.jpeg */; };
		9F86F64D17C9BB9400D8F576 /* background.jpg in Resources */ = {isa = PBXBuildFile; fileRef = 9F86F64817C9BB9400D8F576 /* background.jpg */; };
		9F86F64E17C9BB9400D8F576 /* bg.png in Resources */ = {isa = PBXBuildFile; fileRef = 9F86F64917C9BB9400D8F576 /* bg.png */; };
		9F86F64F17C9BB9400D8F576 /* facebook_login.png in Resources */ = {isa = PBXBuildFile; fileRef = 9F86F64A17C9BB9400D8F576 /* facebook_login.png */; };
		9F86F65217C9BBD100D8F576 /* other.png in Resources */ = {isa = PBXBuildFile; fileRef = 9F86F65117C9BBD100D8F576 /* other.png */; };
		9F86F65417C9BBD400D8F576 /* retina.png in Resources */ = {isa = PBXBuildFile; fileRef = 9F86F65317C9BBD400D8F576 /* retina.png */; };
		9F86F65717C9C16900D8F576 /* MapViewController.m in Sources */ = {isa = PBXBuildFile; fileRef = 9F86F65617C9C16900D8F576 /* MapViewController.m */; };
		9F86F65917C9C83100D8F576 /* MapKit.framework in Frameworks */ = {isa = PBXBuildFile; fileRef = 9F86F65817C9C83100D8F576 /* MapKit.framework */; };
		9F86F65B17C9C83A00D8F576 /* CoreLocation.framework in Frameworks */ = {isa = PBXBuildFile; fileRef = 9F86F65A17C9C83900D8F576 /* CoreLocation.framework */; };
		9F86F66917C9D12200D8F576 /* Icon-72.png in Resources */ = {isa = PBXBuildFile; fileRef = 9F86F66517C9D12200D8F576 /* Icon-72.png */; };
		9F86F66A17C9D12200D8F576 /* Icon-72@2x.png in Resources */ = {isa = PBXBuildFile; fileRef = 9F86F66617C9D12200D8F576 /* Icon-72@2x.png */; };
		9F86F66B17C9D12200D8F576 /* Icon.png in Resources */ = {isa = PBXBuildFile; fileRef = 9F86F66717C9D12200D8F576 /* Icon.png */; };
		9F86F66C17C9D12200D8F576 /* Icon@2x.png in Resources */ = {isa = PBXBuildFile; fileRef = 9F86F66817C9D12200D8F576 /* Icon@2x.png */; };
		9F8BA18217CCFB38003375D0 /* starbucks.png in Resources */ = {isa = PBXBuildFile; fileRef = 9F8BA18117CCFB38003375D0 /* starbucks.png */; };
		9F8BA18417CD1159003375D0 /* preview.png in Resources */ = {isa = PBXBuildFile; fileRef = 9F8BA18317CD1159003375D0 /* preview.png */; };
		9FBD4AD017CAEB7F0069958D /* CustomAnnotation.m in Sources */ = {isa = PBXBuildFile; fileRef = 9FBD4ACF17CAEB7F0069958D /* CustomAnnotation.m */; };
		9FBD4ADF17CB171D0069958D /* map.png in Resources */ = {isa = PBXBuildFile; fileRef = 9FBD4ADE17CB171D0069958D /* map.png */; };
		9FBEDB2417CC3C3E000AC750 /* background.png in Resources */ = {isa = PBXBuildFile; fileRef = 9FBEDB2317CC3C3E000AC750 /* background.png */; };
		9FBEDB2617CC3C63000AC750 /* all_background.png in Resources */ = {isa = PBXBuildFile; fileRef = 9FBEDB2517CC3C63000AC750 /* all_background.png */; };
		9FBEDB2B17CC3F09000AC750 /* play_background.png in Resources */ = {isa = PBXBuildFile; fileRef = 9FBEDB2A17CC3F09000AC750 /* play_background.png */; };
		9FBEDB2D17CC401A000AC750 /* MainStoryboard.storyboard in Resources */ = {isa = PBXBuildFile; fileRef = 9FBEDB2C17CC401A000AC750 /* MainStoryboard.storyboard */; };
		9FBEDB2F17CC4A79000AC750 /* dark_background.png in Resources */ = {isa = PBXBuildFile; fileRef = 9FBEDB2E17CC4A79000AC750 /* dark_background.png */; };
		9FBEDB3417CC7D31000AC750 /* next.png in Resources */ = {isa = PBXBuildFile; fileRef = 9FBEDB3117CC7D31000AC750 /* next.png */; };
		9FBEDB3517CC7D31000AC750 /* play.png in Resources */ = {isa = PBXBuildFile; fileRef = 9FBEDB3217CC7D31000AC750 /* play.png */; };
		9FBEDB3617CC7D31000AC750 /* previous.png in Resources */ = {isa = PBXBuildFile; fileRef = 9FBEDB3317CC7D31000AC750 /* previous.png */; };
		9FBEDB3917CC84BD000AC750 /* max.png in Resources */ = {isa = PBXBuildFile; fileRef = 9FBEDB3717CC84BD000AC750 /* max.png */; };
		9FBEDB3A17CC84BD000AC750 /* min.png in Resources */ = {isa = PBXBuildFile; fileRef = 9FBEDB3817CC84BD000AC750 /* min.png */; };
		9FBEDB3C17CC871D000AC750 /* volume.png in Resources */ = {isa = PBXBuildFile; fileRef = 9FBEDB3B17CC871D000AC750 /* volume.png */; };
		9FC274C917CEE282009B36E4 /* AVFoundation.framework in Frameworks */ = {isa = PBXBuildFile; fileRef = 9FC274C817CEE282009B36E4 /* AVFoundation.framework */; };
		9FC274CC17CEE30F009B36E4 /* doco.mp3 in Resources */ = {isa = PBXBuildFile; fileRef = 9FC274CB17CEE30F009B36E4 /* doco.mp3 */; };
		9FC274CE17CEE4A7009B36E4 /* AudioToolbox.framework in Frameworks */ = {isa = PBXBuildFile; fileRef = 9FC274CD17CEE4A7009B36E4 /* AudioToolbox.framework */; };
		9FC274D717CF05E1009B36E4 /* demo.mp3 in Resources */ = {isa = PBXBuildFile; fileRef = 9FC274D617CF05E1009B36E4 /* demo.mp3 */; };
		9FC274D917CF06AE009B36E4 /* demo.jpg in Resources */ = {isa = PBXBuildFile; fileRef = 9FC274D817CF06AE009B36E4 /* demo.jpg */; };
		9FC274DB17CF1266009B36E4 /* pouse.png in Resources */ = {isa = PBXBuildFile; fileRef = 9FC274DA17CF1266009B36E4 /* pouse.png */; };
		9FCB47C317C9EE020099AC5A /* CoreText.framework in Frameworks */ = {isa = PBXBuildFile; fileRef = 9FCB47C217C9EE020099AC5A /* CoreText.framework */; };
		9FCB47EB17C9EF400099AC5A /* FUIAlertView.m in Sources */ = {isa = PBXBuildFile; fileRef = 9FCB47C817C9EF400099AC5A /* FUIAlertView.m */; };
		9FCB47EC17C9EF400099AC5A /* FUIButton.m in Sources */ = {isa = PBXBuildFile; fileRef = 9FCB47CA17C9EF400099AC5A /* FUIButton.m */; };
		9FCB47ED17C9EF400099AC5A /* FUICellBackgroundView.m in Sources */ = {isa = PBXBuildFile; fileRef = 9FCB47CC17C9EF400099AC5A /* FUICellBackgroundView.m */; };
		9FCB47EE17C9EF400099AC5A /* FUIPopoverBackgroundView.m in Sources */ = {isa = PBXBuildFile; fileRef = 9FCB47CE17C9EF400099AC5A /* FUIPopoverBackgroundView.m */; };
		9FCB47EF17C9EF400099AC5A /* FUISegmentedControl.m in Sources */ = {isa = PBXBuildFile; fileRef = 9FCB47D017C9EF400099AC5A /* FUISegmentedControl.m */; };
		9FCB47F017C9EF400099AC5A /* FUISwitch.m in Sources */ = {isa = PBXBuildFile; fileRef = 9FCB47D217C9EF400099AC5A /* FUISwitch.m */; };
		9FCB47F117C9EF400099AC5A /* UIBarButtonItem+FlatUI.m in Sources */ = {isa = PBXBuildFile; fileRef = 9FCB47D417C9EF400099AC5A /* UIBarButtonItem+FlatUI.m */; };
		9FCB47F217C9EF400099AC5A /* UIColor+FlatUI.m in Sources */ = {isa = PBXBuildFile; fileRef = 9FCB47D617C9EF400099AC5A /* UIColor+FlatUI.m */; };
		9FCB47F317C9EF400099AC5A /* UIFont+FlatUI.m in Sources */ = {isa = PBXBuildFile; fileRef = 9FCB47D817C9EF400099AC5A /* UIFont+FlatUI.m */; };
		9FCB47F417C9EF400099AC5A /* UIImage+FlatUI.m in Sources */ = {isa = PBXBuildFile; fileRef = 9FCB47DA17C9EF400099AC5A /* UIImage+FlatUI.m */; };
		9FCB47F517C9EF400099AC5A /* UINavigationBar+FlatUI.m in Sources */ = {isa = PBXBuildFile; fileRef = 9FCB47DC17C9EF400099AC5A /* UINavigationBar+FlatUI.m */; };
		9FCB47F617C9EF400099AC5A /* UIPopoverController+FlatUI.m in Sources */ = {isa = PBXBuildFile; fileRef = 9FCB47DE17C9EF400099AC5A /* UIPopoverController+FlatUI.m */; };
		9FCB47F717C9EF400099AC5A /* UIProgressView+FlatUI.m in Sources */ = {isa = PBXBuildFile; fileRef = 9FCB47E017C9EF400099AC5A /* UIProgressView+FlatUI.m */; };
		9FCB47F817C9EF400099AC5A /* UISlider+FlatUI.m in Sources */ = {isa = PBXBuildFile; fileRef = 9FCB47E217C9EF400099AC5A /* UISlider+FlatUI.m */; };
		9FCB47F917C9EF400099AC5A /* UIStepper+FlatUI.m in Sources */ = {isa = PBXBuildFile; fileRef = 9FCB47E417C9EF400099AC5A /* UIStepper+FlatUI.m */; };
		9FCB47FA17C9EF400099AC5A /* UITabBar+FlatUI.m in Sources */ = {isa = PBXBuildFile; fileRef = 9FCB47E617C9EF400099AC5A /* UITabBar+FlatUI.m */; };
		9FCB47FB17C9EF400099AC5A /* UITableViewCell+FlatUI.m in Sources */ = {isa = PBXBuildFile; fileRef = 9FCB47E817C9EF400099AC5A /* UITableViewCell+FlatUI.m */; };
		9FCB47FC17C9EF400099AC5A /* UIToolbar+FlatUI.m in Sources */ = {isa = PBXBuildFile; fileRef = 9FCB47EA17C9EF400099AC5A /* UIToolbar+FlatUI.m */; };
		9FCB480817C9EF460099AC5A /* Lato-Black.ttf in Resources */ = {isa = PBXBuildFile; fileRef = 9FCB47FE17C9EF460099AC5A /* Lato-Black.ttf */; };
		9FCB480917C9EF460099AC5A /* Lato-BlackItalic.ttf in Resources */ = {isa = PBXBuildFile; fileRef = 9FCB47FF17C9EF460099AC5A /* Lato-BlackItalic.ttf */; };
		9FCB480A17C9EF460099AC5A /* Lato-Bold.ttf in Resources */ = {isa = PBXBuildFile; fileRef = 9FCB480017C9EF460099AC5A /* Lato-Bold.ttf */; };
		9FCB480B17C9EF460099AC5A /* Lato-BoldItalic.ttf in Resources */ = {isa = PBXBuildFile; fileRef = 9FCB480117C9EF460099AC5A /* Lato-BoldItalic.ttf */; };
		9FCB480C17C9EF460099AC5A /* Lato-Hairline.ttf in Resources */ = {isa = PBXBuildFile; fileRef = 9FCB480217C9EF460099AC5A /* Lato-Hairline.ttf */; };
		9FCB480D17C9EF460099AC5A /* Lato-HairlineItalic.ttf in Resources */ = {isa = PBXBuildFile; fileRef = 9FCB480317C9EF460099AC5A /* Lato-HairlineItalic.ttf */; };
		9FCB480E17C9EF460099AC5A /* Lato-Italic.ttf in Resources */ = {isa = PBXBuildFile; fileRef = 9FCB480417C9EF460099AC5A /* Lato-Italic.ttf */; };
		9FCB480F17C9EF460099AC5A /* Lato-Light.ttf in Resources */ = {isa = PBXBuildFile; fileRef = 9FCB480517C9EF460099AC5A /* Lato-Light.ttf */; };
		9FCB481017C9EF460099AC5A /* Lato-LightItalic.ttf in Resources */ = {isa = PBXBuildFile; fileRef = 9FCB480617C9EF460099AC5A /* Lato-LightItalic.ttf */; };
		9FCB481117C9EF460099AC5A /* Lato-Regular.ttf in Resources */ = {isa = PBXBuildFile; fileRef = 9FCB480717C9EF460099AC5A /* Lato-Regular.ttf */; };
		9FD3D00A17C9FB6100D87CA6 /* FlatSignIn.png in Resources */ = {isa = PBXBuildFile; fileRef = 9FD3D00917C9FB6100D87CA6 /* FlatSignIn.png */; };
		9FD6F35517CB347B000E26FC /* Coldplay-Mylo-Xyloto.jpg in Resources */ = {isa = PBXBuildFile; fileRef = 9FD6F35417CB347B000E26FC /* Coldplay-Mylo-Xyloto.jpg */; };
		9FD6F35717CB34C5000E26FC /* coldplay-mylo-xyloto-inside-cover-385.jpg in Resources */ = {isa = PBXBuildFile; fileRef = 9FD6F35617CB34C5000E26FC /* coldplay-mylo-xyloto-inside-cover-385.jpg */; };
		9FD6F35A17CB520A000E26FC /* photo.JPG in Resources */ = {isa = PBXBuildFile; fileRef = 9FD6F35917CB520A000E26FC /* photo.JPG */; };
/* End PBXBuildFile section */

/* Begin PBXFileReference section */
		9F2E6B4E17C9E15B003BE0B8 /* Social.framework */ = {isa = PBXFileReference; lastKnownFileType = wrapper.framework; name = Social.framework; path = System/Library/Frameworks/Social.framework; sourceTree = SDKROOT; };
		9F2E6B5017C9E173003BE0B8 /* Accounts.framework */ = {isa = PBXFileReference; lastKnownFileType = wrapper.framework; name = Accounts.framework; path = System/Library/Frameworks/Accounts.framework; sourceTree = SDKROOT; };
		9F2E6B5217C9E188003BE0B8 /* libsqlite3.dylib */ = {isa = PBXFileReference; lastKnownFileType = "compiled.mach-o.dylib"; name = libsqlite3.dylib; path = usr/lib/libsqlite3.dylib; sourceTree = SDKROOT; };
		9F2E6B5417C9E195003BE0B8 /* Security.framework */ = {isa = PBXFileReference; lastKnownFileType = wrapper.framework; name = Security.framework; path = System/Library/Frameworks/Security.framework; sourceTree = SDKROOT; };
		9F2E6B5617C9E1AB003BE0B8 /* AdSupport.framework */ = {isa = PBXFileReference; lastKnownFileType = wrapper.framework; name = AdSupport.framework; path = System/Library/Frameworks/AdSupport.framework; sourceTree = SDKROOT; };
		9F5849AE17CB56580013F0D0 /* profile_kanye_west.jpg */ = {isa = PBXFileReference; lastKnownFileType = image.jpeg; path = profile_kanye_west.jpg; sourceTree = "<group>"; };
		9F5849B417CB96880013F0D0 /* app-blurred-bg-1.jpg */ = {isa = PBXFileReference; lastKnownFileType = image.jpeg; path = "app-blurred-bg-1.jpg"; sourceTree = "<group>"; };
		9F5849B517CB96880013F0D0 /* app-blurred-bg-10.jpg */ = {isa = PBXFileReference; lastKnownFileType = image.jpeg; path = "app-blurred-bg-10.jpg"; sourceTree = "<group>"; };
		9F5849B617CB96880013F0D0 /* app-blurred-bg-11.jpg */ = {isa = PBXFileReference; lastKnownFileType = image.jpeg; path = "app-blurred-bg-11.jpg"; sourceTree = "<group>"; };
		9F5849B717CB96880013F0D0 /* app-blurred-bg-12.jpg */ = {isa = PBXFileReference; lastKnownFileType = image.jpeg; path = "app-blurred-bg-12.jpg"; sourceTree = "<group>"; };
		9F5849B817CB96880013F0D0 /* app-blurred-bg-13.jpg */ = {isa = PBXFileReference; lastKnownFileType = image.jpeg; path = "app-blurred-bg-13.jpg"; sourceTree = "<group>"; };
		9F5849B917CB96880013F0D0 /* app-blurred-bg-14.jpg */ = {isa = PBXFileReference; lastKnownFileType = image.jpeg; path = "app-blurred-bg-14.jpg"; sourceTree = "<group>"; };
		9F5849BA17CB96880013F0D0 /* app-blurred-bg-15.jpg */ = {isa = PBXFileReference; lastKnownFileType = image.jpeg; path = "app-blurred-bg-15.jpg"; sourceTree = "<group>"; };
		9F5849BB17CB96880013F0D0 /* app-blurred-bg-16.jpg */ = {isa = PBXFileReference; lastKnownFileType = image.jpeg; path = "app-blurred-bg-16.jpg"; sourceTree = "<group>"; };
		9F5849BC17CB96880013F0D0 /* app-blurred-bg-17.jpg */ = {isa = PBXFileReference; lastKnownFileType = image.jpeg; path = "app-blurred-bg-17.jpg"; sourceTree = "<group>"; };
		9F5849BD17CB96880013F0D0 /* app-blurred-bg-18.jpg */ = {isa = PBXFileReference; lastKnownFileType = image.jpeg; path = "app-blurred-bg-18.jpg"; sourceTree = "<group>"; };
		9F5849BE17CB96880013F0D0 /* app-blurred-bg-19.jpg */ = {isa = PBXFileReference; lastKnownFileType = image.jpeg; path = "app-blurred-bg-19.jpg"; sourceTree = "<group>"; };
		9F5849BF17CB96880013F0D0 /* app-blurred-bg-2.jpg */ = {isa = PBXFileReference; lastKnownFileType = image.jpeg; path = "app-blurred-bg-2.jpg"; sourceTree = "<group>"; };
		9F5849C017CB96880013F0D0 /* app-blurred-bg-20.jpg */ = {isa = PBXFileReference; lastKnownFileType = image.jpeg; path = "app-blurred-bg-20.jpg"; sourceTree = "<group>"; };
		9F5849C117CB96880013F0D0 /* app-blurred-bg-3.jpg */ = {isa = PBXFileReference; lastKnownFileType = image.jpeg; path = "app-blurred-bg-3.jpg"; sourceTree = "<group>"; };
		9F5849C217CB96880013F0D0 /* app-blurred-bg-4.jpg */ = {isa = PBXFileReference; lastKnownFileType = image.jpeg; path = "app-blurred-bg-4.jpg"; sourceTree = "<group>"; };
		9F5849C317CB96880013F0D0 /* app-blurred-bg-5.jpg */ = {isa = PBXFileReference; lastKnownFileType = image.jpeg; path = "app-blurred-bg-5.jpg"; sourceTree = "<group>"; };
		9F5849C417CB96880013F0D0 /* app-blurred-bg-6.jpg */ = {isa = PBXFileReference; lastKnownFileType = image.jpeg; path = "app-blurred-bg-6.jpg"; sourceTree = "<group>"; };
		9F5849C517CB96880013F0D0 /* app-blurred-bg-7.jpg */ = {isa = PBXFileReference; lastKnownFileType = image.jpeg; path = "app-blurred-bg-7.jpg"; sourceTree = "<group>"; };
		9F5849C617CB96880013F0D0 /* app-blurred-bg-8.jpg */ = {isa = PBXFileReference; lastKnownFileType = image.jpeg; path = "app-blurred-bg-8.jpg"; sourceTree = "<group>"; };
		9F5849C717CB96880013F0D0 /* app-blurred-bg-9.jpg */ = {isa = PBXFileReference; lastKnownFileType = image.jpeg; path = "app-blurred-bg-9.jpg"; sourceTree = "<group>"; };
		9F5849C817CB96880013F0D0 /* MediaLoot_License_Agreement.pdf */ = {isa = PBXFileReference; lastKnownFileType = image.pdf; path = MediaLoot_License_Agreement.pdf; sourceTree = "<group>"; };
		9F5849DE17CB9ADE0013F0D0 /* PlayViewController.h */ = {isa = PBXFileReference; fileEncoding = 4; lastKnownFileType = sourcecode.c.h; path = PlayViewController.h; sourceTree = "<group>"; };
		9F5849DF17CB9ADE0013F0D0 /* PlayViewController.m */ = {isa = PBXFileReference; fileEncoding = 4; lastKnownFileType = sourcecode.c.objc; path = PlayViewController.m; sourceTree = "<group>"; };
		9F59297017CE7C9A000310B4 /* ListViewController.h */ = {isa = PBXFileReference; fileEncoding = 4; lastKnownFileType = sourcecode.c.h; path = ListViewController.h; sourceTree = "<group>"; };
		9F59297117CE7C9A000310B4 /* ListViewController.m */ = {isa = PBXFileReference; fileEncoding = 4; lastKnownFileType = sourcecode.c.objc; path = ListViewController.m; sourceTree = "<group>"; };
		9F59297317CE7F88000310B4 /* XMLParser.h */ = {isa = PBXFileReference; fileEncoding = 4; lastKnownFileType = sourcecode.c.h; path = XMLParser.h; sourceTree = "<group>"; };
		9F59297417CE7F88000310B4 /* XMLParser.m */ = {isa = PBXFileReference; fileEncoding = 4; lastKnownFileType = sourcecode.c.objc; path = XMLParser.m; sourceTree = "<group>"; };
		9F8694A817CD68ED00DD5163 /* MediaPlayer.framework */ = {isa = PBXFileReference; lastKnownFileType = wrapper.framework; name = MediaPlayer.framework; path = System/Library/Frameworks/MediaPlayer.framework; sourceTree = SDKROOT; };
		9F86F62017C9BB7800D8F576 /* Mimp.app */ = {isa = PBXFileReference; explicitFileType = wrapper.application; includeInIndex = 0; path = Mimp.app; sourceTree = BUILT_PRODUCTS_DIR; };
		9F86F62317C9BB7800D8F576 /* UIKit.framework */ = {isa = PBXFileReference; lastKnownFileType = wrapper.framework; name = UIKit.framework; path = System/Library/Frameworks/UIKit.framework; sourceTree = SDKROOT; };
		9F86F62517C9BB7800D8F576 /* Foundation.framework */ = {isa = PBXFileReference; lastKnownFileType = wrapper.framework; name = Foundation.framework; path = System/Library/Frameworks/Foundation.framework; sourceTree = SDKROOT; };
		9F86F62717C9BB7800D8F576 /* CoreGraphics.framework */ = {isa = PBXFileReference; lastKnownFileType = wrapper.framework; name = CoreGraphics.framework; path = System/Library/Frameworks/CoreGraphics.framework; sourceTree = SDKROOT; };
		9F86F62B17C9BB7800D8F576 /* Mimp-Info.plist */ = {isa = PBXFileReference; lastKnownFileType = text.plist.xml; path = "Mimp-Info.plist"; sourceTree = "<group>"; };
		9F86F62D17C9BB7800D8F576 /* en */ = {isa = PBXFileReference; lastKnownFileType = text.plist.strings; name = en; path = en.lproj/InfoPlist.strings; sourceTree = "<group>"; };
		9F86F62F17C9BB7800D8F576 /* main.m */ = {isa = PBXFileReference; lastKnownFileType = sourcecode.c.objc; path = main.m; sourceTree = "<group>"; };
		9F86F63117C9BB7800D8F576 /* Mimp-Prefix.pch */ = {isa = PBXFileReference; lastKnownFileType = sourcecode.c.h; path = "Mimp-Prefix.pch"; sourceTree = "<group>"; };
		9F86F63217C9BB7800D8F576 /* MimpAppDelegate.h */ = {isa = PBXFileReference; lastKnownFileType = sourcecode.c.h; path = MimpAppDelegate.h; sourceTree = "<group>"; };
		9F86F63317C9BB7800D8F576 /* MimpAppDelegate.m */ = {isa = PBXFileReference; lastKnownFileType = sourcecode.c.objc; path = MimpAppDelegate.m; sourceTree = "<group>"; };
		9F86F63517C9BB7800D8F576 /* Default.png */ = {isa = PBXFileReference; lastKnownFileType = image.png; path = Default.png; sourceTree = "<group>"; };
		9F86F63717C9BB7800D8F576 /* Default@2x.png */ = {isa = PBXFileReference; lastKnownFileType = image.png; path = "Default@2x.png"; sourceTree = "<group>"; };
		9F86F63917C9BB7800D8F576 /* Default-568h@2x.png */ = {isa = PBXFileReference; lastKnownFileType = image.png; path = "Default-568h@2x.png"; sourceTree = "<group>"; };
		9F86F63E17C9BB7800D8F576 /* MimpViewController.h */ = {isa = PBXFileReference; lastKnownFileType = sourcecode.c.h; path = MimpViewController.h; sourceTree = "<group>"; };
		9F86F63F17C9BB7800D8F576 /* MimpViewController.m */ = {isa = PBXFileReference; lastKnownFileType = sourcecode.c.objc; path = MimpViewController.m; sourceTree = "<group>"; };
		9F86F64717C9BB9400D8F576 /* background.jpeg */ = {isa = PBXFileReference; lastKnownFileType = image.jpeg; path = background.jpeg; sourceTree = "<group>"; };
		9F86F64817C9BB9400D8F576 /* background.jpg */ = {isa = PBXFileReference; lastKnownFileType = image.jpeg; path = background.jpg; sourceTree = "<group>"; };
		9F86F64917C9BB9400D8F576 /* bg.png */ = {isa = PBXFileReference; lastKnownFileType = image.png; path = bg.png; sourceTree = "<group>"; };
		9F86F64A17C9BB9400D8F576 /* facebook_login.png */ = {isa = PBXFileReference; lastKnownFileType = image.png; path = facebook_login.png; sourceTree = "<group>"; };
		9F86F65117C9BBD100D8F576 /* other.png */ = {isa = PBXFileReference; lastKnownFileType = image.png; name = other.png; path = ../../other.png; sourceTree = "<group>"; };
		9F86F65317C9BBD400D8F576 /* retina.png */ = {isa = PBXFileReference; lastKnownFileType = image.png; name = retina.png; path = ../../retina.png; sourceTree = "<group>"; };
		9F86F65517C9C16900D8F576 /* MapViewController.h */ = {isa = PBXFileReference; fileEncoding = 4; lastKnownFileType = sourcecode.c.h; path = MapViewController.h; sourceTree = "<group>"; };
		9F86F65617C9C16900D8F576 /* MapViewController.m */ = {isa = PBXFileReference; fileEncoding = 4; lastKnownFileType = sourcecode.c.objc; path = MapViewController.m; sourceTree = "<group>"; };
		9F86F65817C9C83100D8F576 /* MapKit.framework */ = {isa = PBXFileReference; lastKnownFileType = wrapper.framework; name = MapKit.framework; path = System/Library/Frameworks/MapKit.framework; sourceTree = SDKROOT; };
		9F86F65A17C9C83900D8F576 /* CoreLocation.framework */ = {isa = PBXFileReference; lastKnownFileType = wrapper.framework; name = CoreLocation.framework; path = System/Library/Frameworks/CoreLocation.framework; sourceTree = SDKROOT; };
		9F86F66517C9D12200D8F576 /* Icon-72.png */ = {isa = PBXFileReference; lastKnownFileType = image.png; path = "Icon-72.png"; sourceTree = "<group>"; };
		9F86F66617C9D12200D8F576 /* Icon-72@2x.png */ = {isa = PBXFileReference; lastKnownFileType = image.png; path = "Icon-72@2x.png"; sourceTree = "<group>"; };
		9F86F66717C9D12200D8F576 /* Icon.png */ = {isa = PBXFileReference; lastKnownFileType = image.png; path = Icon.png; sourceTree = "<group>"; };
		9F86F66817C9D12200D8F576 /* Icon@2x.png */ = {isa = PBXFileReference; lastKnownFileType = image.png; path = "Icon@2x.png"; sourceTree = "<group>"; };
		9F8BA18117CCFB38003375D0 /* starbucks.png */ = {isa = PBXFileReference; lastKnownFileType = image.png; path = starbucks.png; sourceTree = "<group>"; };
		9F8BA18317CD1159003375D0 /* preview.png */ = {isa = PBXFileReference; lastKnownFileType = image.png; path = preview.png; sourceTree = "<group>"; };
		9FBD4ACF17CAEB7F0069958D /* CustomAnnotation.m */ = {isa = PBXFileReference; fileEncoding = 4; lastKnownFileType = sourcecode.c.objc; name = CustomAnnotation.m; path = ../CustomAnnotation.m; sourceTree = "<group>"; };
		9FBD4AD417CAF3960069958D /* CustomAnnotation.h */ = {isa = PBXFileReference; fileEncoding = 4; lastKnownFileType = sourcecode.c.h; name = CustomAnnotation.h; path = ../CustomAnnotation.h; sourceTree = "<group>"; };
		9FBD4ADE17CB171D0069958D /* map.png */ = {isa = PBXFileReference; lastKnownFileType = image.png; path = map.png; sourceTree = "<group>"; };
		9FBEDB2317CC3C3E000AC750 /* background.png */ = {isa = PBXFileReference; lastKnownFileType = image.png; path = background.png; sourceTree = "<group>"; };
		9FBEDB2517CC3C63000AC750 /* all_background.png */ = {isa = PBXFileReference; lastKnownFileType = image.png; path = all_background.png; sourceTree = "<group>"; };
		9FBEDB2A17CC3F09000AC750 /* play_background.png */ = {isa = PBXFileReference; lastKnownFileType = image.png; path = play_background.png; sourceTree = "<group>"; };
		9FBEDB2C17CC401A000AC750 /* MainStoryboard.storyboard */ = {isa = PBXFileReference; fileEncoding = 4; lastKnownFileType = file.storyboard; path = MainStoryboard.storyboard; sourceTree = "<group>"; };
		9FBEDB2E17CC4A79000AC750 /* dark_background.png */ = {isa = PBXFileReference; lastKnownFileType = image.png; path = dark_background.png; sourceTree = "<group>"; };
		9FBEDB3117CC7D31000AC750 /* next.png */ = {isa = PBXFileReference; lastKnownFileType = image.png; path = next.png; sourceTree = "<group>"; };
		9FBEDB3217CC7D31000AC750 /* play.png */ = {isa = PBXFileReference; lastKnownFileType = image.png; path = play.png; sourceTree = "<group>"; };
		9FBEDB3317CC7D31000AC750 /* previous.png */ = {isa = PBXFileReference; lastKnownFileType = image.png; path = previous.png; sourceTree = "<group>"; };
		9FBEDB3717CC84BD000AC750 /* max.png */ = {isa = PBXFileReference; lastKnownFileType = image.png; path = max.png; sourceTree = "<group>"; };
		9FBEDB3817CC84BD000AC750 /* min.png */ = {isa = PBXFileReference; lastKnownFileType = image.png; path = min.png; sourceTree = "<group>"; };
		9FBEDB3B17CC871D000AC750 /* volume.png */ = {isa = PBXFileReference; lastKnownFileType = image.png; path = volume.png; sourceTree = "<group>"; };
		9FC274C817CEE282009B36E4 /* AVFoundation.framework */ = {isa = PBXFileReference; lastKnownFileType = wrapper.framework; name = AVFoundation.framework; path = System/Library/Frameworks/AVFoundation.framework; sourceTree = SDKROOT; };
		9FC274CB17CEE30F009B36E4 /* doco.mp3 */ = {isa = PBXFileReference; lastKnownFileType = audio.mp3; path = doco.mp3; sourceTree = "<group>"; };
		9FC274CD17CEE4A7009B36E4 /* AudioToolbox.framework */ = {isa = PBXFileReference; lastKnownFileType = wrapper.framework; name = AudioToolbox.framework; path = System/Library/Frameworks/AudioToolbox.framework; sourceTree = SDKROOT; };
		9FC274D617CF05E1009B36E4 /* demo.mp3 */ = {isa = PBXFileReference; lastKnownFileType = audio.mp3; path = demo.mp3; sourceTree = "<group>"; };
		9FC274D817CF06AE009B36E4 /* demo.jpg */ = {isa = PBXFileReference; lastKnownFileType = image.jpeg; path = demo.jpg; sourceTree = "<group>"; };
		9FC274DA17CF1266009B36E4 /* pouse.png */ = {isa = PBXFileReference; lastKnownFileType = image.png; path = pouse.png; sourceTree = "<group>"; };
		9FCB47C217C9EE020099AC5A /* CoreText.framework */ = {isa = PBXFileReference; lastKnownFileType = wrapper.framework; name = CoreText.framework; path = System/Library/Frameworks/CoreText.framework; sourceTree = SDKROOT; };
		9FCB47C617C9EF400099AC5A /* FlatUIKit.h */ = {isa = PBXFileReference; fileEncoding = 4; lastKnownFileType = sourcecode.c.h; path = FlatUIKit.h; sourceTree = "<group>"; };
		9FCB47C717C9EF400099AC5A /* FUIAlertView.h */ = {isa = PBXFileReference; fileEncoding = 4; lastKnownFileType = sourcecode.c.h; path = FUIAlertView.h; sourceTree = "<group>"; };
		9FCB47C817C9EF400099AC5A /* FUIAlertView.m */ = {isa = PBXFileReference; fileEncoding = 4; lastKnownFileType = sourcecode.c.objc; path = FUIAlertView.m; sourceTree = "<group>"; };
		9FCB47C917C9EF400099AC5A /* FUIButton.h */ = {isa = PBXFileReference; fileEncoding = 4; lastKnownFileType = sourcecode.c.h; path = FUIButton.h; sourceTree = "<group>"; };
		9FCB47CA17C9EF400099AC5A /* FUIButton.m */ = {isa = PBXFileReference; fileEncoding = 4; lastKnownFileType = sourcecode.c.objc; path = FUIButton.m; sourceTree = "<group>"; };
		9FCB47CB17C9EF400099AC5A /* FUICellBackgroundView.h */ = {isa = PBXFileReference; fileEncoding = 4; lastKnownFileType = sourcecode.c.h; path = FUICellBackgroundView.h; sourceTree = "<group>"; };
		9FCB47CC17C9EF400099AC5A /* FUICellBackgroundView.m */ = {isa = PBXFileReference; fileEncoding = 4; lastKnownFileType = sourcecode.c.objc; path = FUICellBackgroundView.m; sourceTree = "<group>"; };
		9FCB47CD17C9EF400099AC5A /* FUIPopoverBackgroundView.h */ = {isa = PBXFileReference; fileEncoding = 4; lastKnownFileType = sourcecode.c.h; path = FUIPopoverBackgroundView.h; sourceTree = "<group>"; };
		9FCB47CE17C9EF400099AC5A /* FUIPopoverBackgroundView.m */ = {isa = PBXFileReference; fileEncoding = 4; lastKnownFileType = sourcecode.c.objc; path = FUIPopoverBackgroundView.m; sourceTree = "<group>"; };
		9FCB47CF17C9EF400099AC5A /* FUISegmentedControl.h */ = {isa = PBXFileReference; fileEncoding = 4; lastKnownFileType = sourcecode.c.h; path = FUISegmentedControl.h; sourceTree = "<group>"; };
		9FCB47D017C9EF400099AC5A /* FUISegmentedControl.m */ = {isa = PBXFileReference; fileEncoding = 4; lastKnownFileType = sourcecode.c.objc; path = FUISegmentedControl.m; sourceTree = "<group>"; };
		9FCB47D117C9EF400099AC5A /* FUISwitch.h */ = {isa = PBXFileReference; fileEncoding = 4; lastKnownFileType = sourcecode.c.h; path = FUISwitch.h; sourceTree = "<group>"; };
		9FCB47D217C9EF400099AC5A /* FUISwitch.m */ = {isa = PBXFileReference; fileEncoding = 4; lastKnownFileType = sourcecode.c.objc; path = FUISwitch.m; sourceTree = "<group>"; };
		9FCB47D317C9EF400099AC5A /* UIBarButtonItem+FlatUI.h */ = {isa = PBXFileReference; fileEncoding = 4; lastKnownFileType = sourcecode.c.h; path = "UIBarButtonItem+FlatUI.h"; sourceTree = "<group>"; };
		9FCB47D417C9EF400099AC5A /* UIBarButtonItem+FlatUI.m */ = {isa = PBXFileReference; fileEncoding = 4; lastKnownFileType = sourcecode.c.objc; path = "UIBarButtonItem+FlatUI.m"; sourceTree = "<group>"; };
		9FCB47D517C9EF400099AC5A /* UIColor+FlatUI.h */ = {isa = PBXFileReference; fileEncoding = 4; lastKnownFileType = sourcecode.c.h; path = "UIColor+FlatUI.h"; sourceTree = "<group>"; };
		9FCB47D617C9EF400099AC5A /* UIColor+FlatUI.m */ = {isa = PBXFileReference; fileEncoding = 4; lastKnownFileType = sourcecode.c.objc; path = "UIColor+FlatUI.m"; sourceTree = "<group>"; };
		9FCB47D717C9EF400099AC5A /* UIFont+FlatUI.h */ = {isa = PBXFileReference; fileEncoding = 4; lastKnownFileType = sourcecode.c.h; path = "UIFont+FlatUI.h"; sourceTree = "<group>"; };
		9FCB47D817C9EF400099AC5A /* UIFont+FlatUI.m */ = {isa = PBXFileReference; fileEncoding = 4; lastKnownFileType = sourcecode.c.objc; path = "UIFont+FlatUI.m"; sourceTree = "<group>"; };
		9FCB47D917C9EF400099AC5A /* UIImage+FlatUI.h */ = {isa = PBXFileReference; fileEncoding = 4; lastKnownFileType = sourcecode.c.h; path = "UIImage+FlatUI.h"; sourceTree = "<group>"; };
		9FCB47DA17C9EF400099AC5A /* UIImage+FlatUI.m */ = {isa = PBXFileReference; fileEncoding = 4; lastKnownFileType = sourcecode.c.objc; path = "UIImage+FlatUI.m"; sourceTree = "<group>"; };
		9FCB47DB17C9EF400099AC5A /* UINavigationBar+FlatUI.h */ = {isa = PBXFileReference; fileEncoding = 4; lastKnownFileType = sourcecode.c.h; path = "UINavigationBar+FlatUI.h"; sourceTree = "<group>"; };
		9FCB47DC17C9EF400099AC5A /* UINavigationBar+FlatUI.m */ = {isa = PBXFileReference; fileEncoding = 4; lastKnownFileType = sourcecode.c.objc; path = "UINavigationBar+FlatUI.m"; sourceTree = "<group>"; };
		9FCB47DD17C9EF400099AC5A /* UIPopoverController+FlatUI.h */ = {isa = PBXFileReference; fileEncoding = 4; lastKnownFileType = sourcecode.c.h; path = "UIPopoverController+FlatUI.h"; sourceTree = "<group>"; };
		9FCB47DE17C9EF400099AC5A /* UIPopoverController+FlatUI.m */ = {isa = PBXFileReference; fileEncoding = 4; lastKnownFileType = sourcecode.c.objc; path = "UIPopoverController+FlatUI.m"; sourceTree = "<group>"; };
		9FCB47DF17C9EF400099AC5A /* UIProgressView+FlatUI.h */ = {isa = PBXFileReference; fileEncoding = 4; lastKnownFileType = sourcecode.c.h; path = "UIProgressView+FlatUI.h"; sourceTree = "<group>"; };
		9FCB47E017C9EF400099AC5A /* UIProgressView+FlatUI.m */ = {isa = PBXFileReference; fileEncoding = 4; lastKnownFileType = sourcecode.c.objc; path = "UIProgressView+FlatUI.m"; sourceTree = "<group>"; };
		9FCB47E117C9EF400099AC5A /* UISlider+FlatUI.h */ = {isa = PBXFileReference; fileEncoding = 4; lastKnownFileType = sourcecode.c.h; path = "UISlider+FlatUI.h"; sourceTree = "<group>"; };
		9FCB47E217C9EF400099AC5A /* UISlider+FlatUI.m */ = {isa = PBXFileReference; fileEncoding = 4; lastKnownFileType = sourcecode.c.objc; path = "UISlider+FlatUI.m"; sourceTree = "<group>"; };
		9FCB47E317C9EF400099AC5A /* UIStepper+FlatUI.h */ = {isa = PBXFileReference; fileEncoding = 4; lastKnownFileType = sourcecode.c.h; path = "UIStepper+FlatUI.h"; sourceTree = "<group>"; };
		9FCB47E417C9EF400099AC5A /* UIStepper+FlatUI.m */ = {isa = PBXFileReference; fileEncoding = 4; lastKnownFileType = sourcecode.c.objc; path = "UIStepper+FlatUI.m"; sourceTree = "<group>"; };
		9FCB47E517C9EF400099AC5A /* UITabBar+FlatUI.h */ = {isa = PBXFileReference; fileEncoding = 4; lastKnownFileType = sourcecode.c.h; path = "UITabBar+FlatUI.h"; sourceTree = "<group>"; };
		9FCB47E617C9EF400099AC5A /* UITabBar+FlatUI.m */ = {isa = PBXFileReference; fileEncoding = 4; lastKnownFileType = sourcecode.c.objc; path = "UITabBar+FlatUI.m"; sourceTree = "<group>"; };
		9FCB47E717C9EF400099AC5A /* UITableViewCell+FlatUI.h */ = {isa = PBXFileReference; fileEncoding = 4; lastKnownFileType = sourcecode.c.h; path = "UITableViewCell+FlatUI.h"; sourceTree = "<group>"; };
		9FCB47E817C9EF400099AC5A /* UITableViewCell+FlatUI.m */ = {isa = PBXFileReference; fileEncoding = 4; lastKnownFileType = sourcecode.c.objc; path = "UITableViewCell+FlatUI.m"; sourceTree = "<group>"; };
		9FCB47E917C9EF400099AC5A /* UIToolbar+FlatUI.h */ = {isa = PBXFileReference; fileEncoding = 4; lastKnownFileType = sourcecode.c.h; path = "UIToolbar+FlatUI.h"; sourceTree = "<group>"; };
		9FCB47EA17C9EF400099AC5A /* UIToolbar+FlatUI.m */ = {isa = PBXFileReference; fileEncoding = 4; lastKnownFileType = sourcecode.c.objc; path = "UIToolbar+FlatUI.m"; sourceTree = "<group>"; };
		9FCB47FE17C9EF460099AC5A /* Lato-Black.ttf */ = {isa = PBXFileReference; lastKnownFileType = file; path = "Lato-Black.ttf"; sourceTree = "<group>"; };
		9FCB47FF17C9EF460099AC5A /* Lato-BlackItalic.ttf */ = {isa = PBXFileReference; lastKnownFileType = file; path = "Lato-BlackItalic.ttf"; sourceTree = "<group>"; };
		9FCB480017C9EF460099AC5A /* Lato-Bold.ttf */ = {isa = PBXFileReference; lastKnownFileType = file; path = "Lato-Bold.ttf"; sourceTree = "<group>"; };
		9FCB480117C9EF460099AC5A /* Lato-BoldItalic.ttf */ = {isa = PBXFileReference; lastKnownFileType = file; path = "Lato-BoldItalic.ttf"; sourceTree = "<group>"; };
		9FCB480217C9EF460099AC5A /* Lato-Hairline.ttf */ = {isa = PBXFileReference; lastKnownFileType = file; path = "Lato-Hairline.ttf"; sourceTree = "<group>"; };
		9FCB480317C9EF460099AC5A /* Lato-HairlineItalic.ttf */ = {isa = PBXFileReference; lastKnownFileType = file; path = "Lato-HairlineItalic.ttf"; sourceTree = "<group>"; };
		9FCB480417C9EF460099AC5A /* Lato-Italic.ttf */ = {isa = PBXFileReference; lastKnownFileType = file; path = "Lato-Italic.ttf"; sourceTree = "<group>"; };
		9FCB480517C9EF460099AC5A /* Lato-Light.ttf */ = {isa = PBXFileReference; lastKnownFileType = file; path = "Lato-Light.ttf"; sourceTree = "<group>"; };
		9FCB480617C9EF460099AC5A /* Lato-LightItalic.ttf */ = {isa = PBXFileReference; lastKnownFileType = file; path = "Lato-LightItalic.ttf"; sourceTree = "<group>"; };
		9FCB480717C9EF460099AC5A /* Lato-Regular.ttf */ = {isa = PBXFileReference; lastKnownFileType = file; path = "Lato-Regular.ttf"; sourceTree = "<group>"; };
		9FD3D00917C9FB6100D87CA6 /* FlatSignIn.png */ = {isa = PBXFileReference; lastKnownFileType = image.png; path = FlatSignIn.png; sourceTree = "<group>"; };
		9FD6F35417CB347B000E26FC /* Coldplay-Mylo-Xyloto.jpg */ = {isa = PBXFileReference; lastKnownFileType = image.jpeg; path = "Coldplay-Mylo-Xyloto.jpg"; sourceTree = "<group>"; };
		9FD6F35617CB34C5000E26FC /* coldplay-mylo-xyloto-inside-cover-385.jpg */ = {isa = PBXFileReference; lastKnownFileType = image.jpeg; path = "coldplay-mylo-xyloto-inside-cover-385.jpg"; sourceTree = "<group>"; };
		9FD6F35917CB520A000E26FC /* photo.JPG */ = {isa = PBXFileReference; lastKnownFileType = image.jpeg; path = photo.JPG; sourceTree = "<group>"; };
/* End PBXFileReference section */

/* Begin PBXFrameworksBuildPhase section */
		9F86F61D17C9BB7800D8F576 /* Frameworks */ = {
			isa = PBXFrameworksBuildPhase;
			buildActionMask = 2147483647;
			files = (
				9FC274CE17CEE4A7009B36E4 /* AudioToolbox.framework in Frameworks */,
				9FC274C917CEE282009B36E4 /* AVFoundation.framework in Frameworks */,
				9F8694A917CD68ED00DD5163 /* MediaPlayer.framework in Frameworks */,
				9FCB47C317C9EE020099AC5A /* CoreText.framework in Frameworks */,
				9F2E6B5717C9E1AB003BE0B8 /* AdSupport.framework in Frameworks */,
				9F2E6B5517C9E195003BE0B8 /* Security.framework in Frameworks */,
				9F2E6B5317C9E188003BE0B8 /* libsqlite3.dylib in Frameworks */,
				9F2E6B5117C9E173003BE0B8 /* Accounts.framework in Frameworks */,
				9F2E6B4F17C9E15B003BE0B8 /* Social.framework in Frameworks */,
				9F86F65B17C9C83A00D8F576 /* CoreLocation.framework in Frameworks */,
				9F86F65917C9C83100D8F576 /* MapKit.framework in Frameworks */,
				9F86F62417C9BB7800D8F576 /* UIKit.framework in Frameworks */,
				9F86F62617C9BB7800D8F576 /* Foundation.framework in Frameworks */,
				9F86F62817C9BB7800D8F576 /* CoreGraphics.framework in Frameworks */,
			);
			runOnlyForDeploymentPostprocessing = 0;
		};
/* End PBXFrameworksBuildPhase section */

/* Begin PBXGroup section */
		9F5849B317CB96880013F0D0 /* app_br_bacground */ = {
			isa = PBXGroup;
			children = (
				9F5849B417CB96880013F0D0 /* app-blurred-bg-1.jpg */,
				9F5849B517CB96880013F0D0 /* app-blurred-bg-10.jpg */,
				9F5849B617CB96880013F0D0 /* app-blurred-bg-11.jpg */,
				9F5849B717CB96880013F0D0 /* app-blurred-bg-12.jpg */,
				9F5849B817CB96880013F0D0 /* app-blurred-bg-13.jpg */,
				9F5849B917CB96880013F0D0 /* app-blurred-bg-14.jpg */,
				9F5849BA17CB96880013F0D0 /* app-blurred-bg-15.jpg */,
				9F5849BB17CB96880013F0D0 /* app-blurred-bg-16.jpg */,
				9F5849BC17CB96880013F0D0 /* app-blurred-bg-17.jpg */,
				9F5849BD17CB96880013F0D0 /* app-blurred-bg-18.jpg */,
				9F5849BE17CB96880013F0D0 /* app-blurred-bg-19.jpg */,
				9F5849BF17CB96880013F0D0 /* app-blurred-bg-2.jpg */,
				9F5849C017CB96880013F0D0 /* app-blurred-bg-20.jpg */,
				9F5849C117CB96880013F0D0 /* app-blurred-bg-3.jpg */,
				9F5849C217CB96880013F0D0 /* app-blurred-bg-4.jpg */,
				9F5849C317CB96880013F0D0 /* app-blurred-bg-5.jpg */,
				9F5849C417CB96880013F0D0 /* app-blurred-bg-6.jpg */,
				9F5849C517CB96880013F0D0 /* app-blurred-bg-7.jpg */,
				9F5849C617CB96880013F0D0 /* app-blurred-bg-8.jpg */,
				9F5849C717CB96880013F0D0 /* app-blurred-bg-9.jpg */,
				9F5849C817CB96880013F0D0 /* MediaLoot_License_Agreement.pdf */,
			);
			path = app_br_bacground;
			sourceTree = "<group>";
		};
		9F86F61717C9BB7800D8F576 = {
			isa = PBXGroup;
			children = (
				9FC274CD17CEE4A7009B36E4 /* AudioToolbox.framework */,
				9FC274C817CEE282009B36E4 /* AVFoundation.framework */,
				9FBEDB3E17CCAD37000AC750 /* Cutome View */,
				9F86F62917C9BB7800D8F576 /* Mimp */,
				9F86F62217C9BB7800D8F576 /* Frameworks */,
				9F86F62117C9BB7800D8F576 /* Products */,
			);
			sourceTree = "<group>";
		};
		9F86F62117C9BB7800D8F576 /* Products */ = {
			isa = PBXGroup;
			children = (
				9F86F62017C9BB7800D8F576 /* Mimp.app */,
			);
			name = Products;
			sourceTree = "<group>";
		};
		9F86F62217C9BB7800D8F576 /* Frameworks */ = {
			isa = PBXGroup;
			children = (
				9F8694A817CD68ED00DD5163 /* MediaPlayer.framework */,
				9FCB47C217C9EE020099AC5A /* CoreText.framework */,
				9F2E6B5617C9E1AB003BE0B8 /* AdSupport.framework */,
				9F2E6B5417C9E195003BE0B8 /* Security.framework */,
				9F2E6B5217C9E188003BE0B8 /* libsqlite3.dylib */,
				9F2E6B5017C9E173003BE0B8 /* Accounts.framework */,
				9F2E6B4E17C9E15B003BE0B8 /* Social.framework */,
				9F86F65A17C9C83900D8F576 /* CoreLocation.framework */,
				9F86F65817C9C83100D8F576 /* MapKit.framework */,
				9F86F62317C9BB7800D8F576 /* UIKit.framework */,
				9F86F62517C9BB7800D8F576 /* Foundation.framework */,
				9F86F62717C9BB7800D8F576 /* CoreGraphics.framework */,
			);
			name = Frameworks;
			sourceTree = "<group>";
		};
		9F86F62917C9BB7800D8F576 /* Mimp */ = {
			isa = PBXGroup;
			children = (
				9F86F63217C9BB7800D8F576 /* MimpAppDelegate.h */,
				9F86F63317C9BB7800D8F576 /* MimpAppDelegate.m */,
				9F86F63E17C9BB7800D8F576 /* MimpViewController.h */,
				9F86F63F17C9BB7800D8F576 /* MimpViewController.m */,
				9FBEDB2C17CC401A000AC750 /* MainStoryboard.storyboard */,
				9FC274DC17CF1951009B36E4 /* co_logo */,
				9F86F65517C9C16900D8F576 /* MapViewController.h */,
				9F86F65617C9C16900D8F576 /* MapViewController.m */,
				9FBEDB3D17CCAD15000AC750 /* Annotations */,
				9F59297017CE7C9A000310B4 /* ListViewController.h */,
				9F59297117CE7C9A000310B4 /* ListViewController.m */,
				9F59297317CE7F88000310B4 /* XMLParser.h */,
				9F59297417CE7F88000310B4 /* XMLParser.m */,
				9F5849DE17CB9ADE0013F0D0 /* PlayViewController.h */,
				9F5849DF17CB9ADE0013F0D0 /* PlayViewController.m */,
				9FC274CA17CEE305009B36E4 /* music_source */,
				9F86F62A17C9BB7800D8F576 /* Supporting Files */,
			);
			path = Mimp;
			sourceTree = "<group>";
		};
		9F86F62A17C9BB7800D8F576 /* Supporting Files */ = {
			isa = PBXGroup;
			children = (
				9F8BA18517CD338A003375D0 /* font */,
				9FBEDB3F17CCAD52000AC750 /* Flat UIKit */,
				9F86F64617C9BB9400D8F576 /* image */,
				9F86F62B17C9BB7800D8F576 /* Mimp-Info.plist */,
				9F86F62C17C9BB7800D8F576 /* InfoPlist.strings */,
				9F86F62F17C9BB7800D8F576 /* main.m */,
				9F86F63117C9BB7800D8F576 /* Mimp-Prefix.pch */,
				9F86F63517C9BB7800D8F576 /* Default.png */,
				9F86F63717C9BB7800D8F576 /* Default@2x.png */,
				9F86F63917C9BB7800D8F576 /* Default-568h@2x.png */,
			);
			name = "Supporting Files";
			sourceTree = "<group>";
		};
		9F86F64617C9BB9400D8F576 /* image */ = {
			isa = PBXGroup;
			children = (
				9F8BA18017CCFB2C003375D0 /* demo_image */,
				9FBEDB2E17CC4A79000AC750 /* dark_background.png */,
				9FBEDB2317CC3C3E000AC750 /* background.png */,
				9FBEDB2517CC3C63000AC750 /* all_background.png */,
				9FBEDB2A17CC3F09000AC750 /* play_background.png */,
				9FBEDB3017CC7D31000AC750 /* music */,
				9F5849B317CB96880013F0D0 /* app_br_bacground */,
				9FD6F35817CB520A000E26FC /* user */,
				9FD6F35317CB347B000E26FC /* album_artwork */,
				9FBD4ADE17CB171D0069958D /* map.png */,
				9FD3D00917C9FB6100D87CA6 /* FlatSignIn.png */,
				9F86F66517C9D12200D8F576 /* Icon-72.png */,
				9F86F66617C9D12200D8F576 /* Icon-72@2x.png */,
				9F86F66717C9D12200D8F576 /* Icon.png */,
				9F86F66817C9D12200D8F576 /* Icon@2x.png */,
				9F86F65317C9BBD400D8F576 /* retina.png */,
				9F86F65117C9BBD100D8F576 /* other.png */,
				9F86F64717C9BB9400D8F576 /* background.jpeg */,
				9F86F64817C9BB9400D8F576 /* background.jpg */,
				9F86F64917C9BB9400D8F576 /* bg.png */,
				9F86F64A17C9BB9400D8F576 /* facebook_login.png */,
			);
			path = image;
			sourceTree = "<group>";
		};
		9F8BA18017CCFB2C003375D0 /* demo_image */ = {
			isa = PBXGroup;
			children = (
				9F8BA18117CCFB38003375D0 /* starbucks.png */,
			);
			name = demo_image;
			path = ../demo_image;
			sourceTree = "<group>";
		};
		9F8BA18517CD338A003375D0 /* font */ = {
			isa = PBXGroup;
			children = (
			);
			path = font;
			sourceTree = "<group>";
		};
		9FBEDB3017CC7D31000AC750 /* music */ = {
			isa = PBXGroup;
			children = (
				9FC274DA17CF1266009B36E4 /* pouse.png */,
				9F8BA18317CD1159003375D0 /* preview.png */,
				9FBEDB3B17CC871D000AC750 /* volume.png */,
				9FBEDB3717CC84BD000AC750 /* max.png */,
				9FBEDB3817CC84BD000AC750 /* min.png */,
				9FBEDB3117CC7D31000AC750 /* next.png */,
				9FBEDB3217CC7D31000AC750 /* play.png */,
				9FBEDB3317CC7D31000AC750 /* previous.png */,
			);
			path = music;
			sourceTree = "<group>";
		};
		9FBEDB3D17CCAD15000AC750 /* Annotations */ = {
			isa = PBXGroup;
			children = (
				9FBD4AD417CAF3960069958D /* CustomAnnotation.h */,
				9FBD4ACF17CAEB7F0069958D /* CustomAnnotation.m */,
			);
			path = Annotations;
			sourceTree = "<group>";
		};
		9FBEDB3E17CCAD37000AC750 /* Cutome View */ = {
			isa = PBXGroup;
			children = (
			);
			path = "Cutome View";
			sourceTree = "<group>";
		};
		9FBEDB3F17CCAD52000AC750 /* Flat UIKit */ = {
			isa = PBXGroup;
			children = (
				9FCB47C417C9EF400099AC5A /* Classes */,
				9FCB47FD17C9EF460099AC5A /* Resources */,
			);
			path = "Flat UIKit";
			sourceTree = "<group>";
		};
		9FC274CA17CEE305009B36E4 /* music_source */ = {
			isa = PBXGroup;
			children = (
				9FC274D617CF05E1009B36E4 /* demo.mp3 */,
				9FC274CB17CEE30F009B36E4 /* doco.mp3 */,
				9FC274D817CF06AE009B36E4 /* demo.jpg */,
			);
			path = music_source;
			sourceTree = "<group>";
		};
		9FC274DC17CF1951009B36E4 /* co_logo */ = {
			isa = PBXGroup;
			children = (
			);
			path = co_logo;
			sourceTree = "<group>";
		};
		9FCB47C417C9EF400099AC5A /* Classes */ = {
			isa = PBXGroup;
			children = (
				9FCB47C517C9EF400099AC5A /* ios */,
			);
			name = Classes;
			path = ../../Classes;
			sourceTree = "<group>";
		};
		9FCB47C517C9EF400099AC5A /* ios */ = {
			isa = PBXGroup;
			children = (
				9FCB47C617C9EF400099AC5A /* FlatUIKit.h */,
				9FCB47C717C9EF400099AC5A /* FUIAlertView.h */,
				9FCB47C817C9EF400099AC5A /* FUIAlertView.m */,
				9FCB47C917C9EF400099AC5A /* FUIButton.h */,
				9FCB47CA17C9EF400099AC5A /* FUIButton.m */,
				9FCB47CB17C9EF400099AC5A /* FUICellBackgroundView.h */,
				9FCB47CC17C9EF400099AC5A /* FUICellBackgroundView.m */,
				9FCB47CD17C9EF400099AC5A /* FUIPopoverBackgroundView.h */,
				9FCB47CE17C9EF400099AC5A /* FUIPopoverBackgroundView.m */,
				9FCB47CF17C9EF400099AC5A /* FUISegmentedControl.h */,
				9FCB47D017C9EF400099AC5A /* FUISegmentedControl.m */,
				9FCB47D117C9EF400099AC5A /* FUISwitch.h */,
				9FCB47D217C9EF400099AC5A /* FUISwitch.m */,
				9FCB47D317C9EF400099AC5A /* UIBarButtonItem+FlatUI.h */,
				9FCB47D417C9EF400099AC5A /* UIBarButtonItem+FlatUI.m */,
				9FCB47D517C9EF400099AC5A /* UIColor+FlatUI.h */,
				9FCB47D617C9EF400099AC5A /* UIColor+FlatUI.m */,
				9FCB47D717C9EF400099AC5A /* UIFont+FlatUI.h */,
				9FCB47D817C9EF400099AC5A /* UIFont+FlatUI.m */,
				9FCB47D917C9EF400099AC5A /* UIImage+FlatUI.h */,
				9FCB47DA17C9EF400099AC5A /* UIImage+FlatUI.m */,
				9FCB47DB17C9EF400099AC5A /* UINavigationBar+FlatUI.h */,
				9FCB47DC17C9EF400099AC5A /* UINavigationBar+FlatUI.m */,
				9FCB47DD17C9EF400099AC5A /* UIPopoverController+FlatUI.h */,
				9FCB47DE17C9EF400099AC5A /* UIPopoverController+FlatUI.m */,
				9FCB47DF17C9EF400099AC5A /* UIProgressView+FlatUI.h */,
				9FCB47E017C9EF400099AC5A /* UIProgressView+FlatUI.m */,
				9FCB47E117C9EF400099AC5A /* UISlider+FlatUI.h */,
				9FCB47E217C9EF400099AC5A /* UISlider+FlatUI.m */,
				9FCB47E317C9EF400099AC5A /* UIStepper+FlatUI.h */,
				9FCB47E417C9EF400099AC5A /* UIStepper+FlatUI.m */,
				9FCB47E517C9EF400099AC5A /* UITabBar+FlatUI.h */,
				9FCB47E617C9EF400099AC5A /* UITabBar+FlatUI.m */,
				9FCB47E717C9EF400099AC5A /* UITableViewCell+FlatUI.h */,
				9FCB47E817C9EF400099AC5A /* UITableViewCell+FlatUI.m */,
				9FCB47E917C9EF400099AC5A /* UIToolbar+FlatUI.h */,
				9FCB47EA17C9EF400099AC5A /* UIToolbar+FlatUI.m */,
			);
			path = ios;
			sourceTree = "<group>";
		};
		9FCB47FD17C9EF460099AC5A /* Resources */ = {
			isa = PBXGroup;
			children = (
				9FCB47FE17C9EF460099AC5A /* Lato-Black.ttf */,
				9FCB47FF17C9EF460099AC5A /* Lato-BlackItalic.ttf */,
				9FCB480017C9EF460099AC5A /* Lato-Bold.ttf */,
				9FCB480117C9EF460099AC5A /* Lato-BoldItalic.ttf */,
				9FCB480217C9EF460099AC5A /* Lato-Hairline.ttf */,
				9FCB480317C9EF460099AC5A /* Lato-HairlineItalic.ttf */,
				9FCB480417C9EF460099AC5A /* Lato-Italic.ttf */,
				9FCB480517C9EF460099AC5A /* Lato-Light.ttf */,
				9FCB480617C9EF460099AC5A /* Lato-LightItalic.ttf */,
				9FCB480717C9EF460099AC5A /* Lato-Regular.ttf */,
			);
			name = Resources;
			path = ../../Resources;
			sourceTree = "<group>";
		};
		9FD6F35317CB347B000E26FC /* album_artwork */ = {
			isa = PBXGroup;
			children = (
				9FD6F35617CB34C5000E26FC /* coldplay-mylo-xyloto-inside-cover-385.jpg */,
				9FD6F35417CB347B000E26FC /* Coldplay-Mylo-Xyloto.jpg */,
			);
			path = album_artwork;
			sourceTree = "<group>";
		};
		9FD6F35817CB520A000E26FC /* user */ = {
			isa = PBXGroup;
			children = (
				9F5849AE17CB56580013F0D0 /* profile_kanye_west.jpg */,
				9FD6F35917CB520A000E26FC /* photo.JPG */,
			);
			path = user;
			sourceTree = "<group>";
		};
/* End PBXGroup section */

/* Begin PBXNativeTarget section */
		9F86F61F17C9BB7800D8F576 /* Mimp */ = {
			isa = PBXNativeTarget;
			buildConfigurationList = 9F86F64317C9BB7800D8F576 /* Build configuration list for PBXNativeTarget "Mimp" */;
			buildPhases = (
				9F86F61C17C9BB7800D8F576 /* Sources */,
				9F86F61D17C9BB7800D8F576 /* Frameworks */,
				9F86F61E17C9BB7800D8F576 /* Resources */,
			);
			buildRules = (
			);
			dependencies = (
			);
			name = Mimp;
			productName = Mimp;
			productReference = 9F86F62017C9BB7800D8F576 /* Mimp.app */;
			productType = "com.apple.product-type.application";
		};
/* End PBXNativeTarget section */

/* Begin PBXProject section */
		9F86F61817C9BB7800D8F576 /* Project object */ = {
			isa = PBXProject;
			attributes = {
				CLASSPREFIX = Mimp;
				LastUpgradeCheck = 0460;
				ORGANIZATIONNAME = "Sota Yamashita";
			};
			buildConfigurationList = 9F86F61B17C9BB7800D8F576 /* Build configuration list for PBXProject "Mimp" */;
			compatibilityVersion = "Xcode 3.2";
			developmentRegion = English;
			hasScannedForEncodings = 0;
			knownRegions = (
				en,
			);
			mainGroup = 9F86F61717C9BB7800D8F576;
			productRefGroup = 9F86F62117C9BB7800D8F576 /* Products */;
			projectDirPath = "";
			projectRoot = "";
			targets = (
				9F86F61F17C9BB7800D8F576 /* Mimp */,
			);
		};
/* End PBXProject section */

/* Begin PBXResourcesBuildPhase section */
		9F86F61E17C9BB7800D8F576 /* Resources */ = {
			isa = PBXResourcesBuildPhase;
			buildActionMask = 2147483647;
			files = (
				9F86F62E17C9BB7800D8F576 /* InfoPlist.strings in Resources */,
				9F86F63617C9BB7800D8F576 /* Default.png in Resources */,
				9F86F63817C9BB7800D8F576 /* Default@2x.png in Resources */,
				9F86F63A17C9BB7800D8F576 /* Default-568h@2x.png in Resources */,
				9F86F64C17C9BB9400D8F576 /* background.jpeg in Resources */,
				9F86F64D17C9BB9400D8F576 /* background.jpg in Resources */,
				9F86F64E17C9BB9400D8F576 /* bg.png in Resources */,
				9F86F64F17C9BB9400D8F576 /* facebook_login.png in Resources */,
				9F86F65217C9BBD100D8F576 /* other.png in Resources */,
				9F86F65417C9BBD400D8F576 /* retina.png in Resources */,
				9F86F66917C9D12200D8F576 /* Icon-72.png in Resources */,
				9F86F66A17C9D12200D8F576 /* Icon-72@2x.png in Resources */,
				9F86F66B17C9D12200D8F576 /* Icon.png in Resources */,
				9F86F66C17C9D12200D8F576 /* Icon@2x.png in Resources */,
				9FCB480817C9EF460099AC5A /* Lato-Black.ttf in Resources */,
				9FCB480917C9EF460099AC5A /* Lato-BlackItalic.ttf in Resources */,
				9FCB480A17C9EF460099AC5A /* Lato-Bold.ttf in Resources */,
				9FCB480B17C9EF460099AC5A /* Lato-BoldItalic.ttf in Resources */,
				9FCB480C17C9EF460099AC5A /* Lato-Hairline.ttf in Resources */,
				9FCB480D17C9EF460099AC5A /* Lato-HairlineItalic.ttf in Resources */,
				9FCB480E17C9EF460099AC5A /* Lato-Italic.ttf in Resources */,
				9FCB480F17C9EF460099AC5A /* Lato-Light.ttf in Resources */,
				9FCB481017C9EF460099AC5A /* Lato-LightItalic.ttf in Resources */,
				9FCB481117C9EF460099AC5A /* Lato-Regular.ttf in Resources */,
				9FD3D00A17C9FB6100D87CA6 /* FlatSignIn.png in Resources */,
				9FBD4ADF17CB171D0069958D /* map.png in Resources */,
				9FD6F35517CB347B000E26FC /* Coldplay-Mylo-Xyloto.jpg in Resources */,
				9FD6F35717CB34C5000E26FC /* coldplay-mylo-xyloto-inside-cover-385.jpg in Resources */,
				9FD6F35A17CB520A000E26FC /* photo.JPG in Resources */,
				9F5849AF17CB56580013F0D0 /* profile_kanye_west.jpg in Resources */,
				9F5849C917CB96880013F0D0 /* app-blurred-bg-1.jpg in Resources */,
				9F5849CA17CB96880013F0D0 /* app-blurred-bg-10.jpg in Resources */,
				9F5849CB17CB96880013F0D0 /* app-blurred-bg-11.jpg in Resources */,
				9F5849CC17CB96880013F0D0 /* app-blurred-bg-12.jpg in Resources */,
				9F5849CD17CB96880013F0D0 /* app-blurred-bg-13.jpg in Resources */,
				9F5849CE17CB96880013F0D0 /* app-blurred-bg-14.jpg in Resources */,
				9F5849CF17CB96880013F0D0 /* app-blurred-bg-15.jpg in Resources */,
				9F5849D017CB96880013F0D0 /* app-blurred-bg-16.jpg in Resources */,
				9F5849D117CB96880013F0D0 /* app-blurred-bg-17.jpg in Resources */,
				9F5849D217CB96880013F0D0 /* app-blurred-bg-18.jpg in Resources */,
				9F5849D317CB96880013F0D0 /* app-blurred-bg-19.jpg in Resources */,
				9F5849D417CB96880013F0D0 /* app-blurred-bg-2.jpg in Resources */,
				9F5849D517CB96880013F0D0 /* app-blurred-bg-20.jpg in Resources */,
				9F5849D617CB96880013F0D0 /* app-blurred-bg-3.jpg in Resources */,
				9F5849D717CB96880013F0D0 /* app-blurred-bg-4.jpg in Resources */,
				9F5849D817CB96880013F0D0 /* app-blurred-bg-5.jpg in Resources */,
				9F5849D917CB96880013F0D0 /* app-blurred-bg-6.jpg in Resources */,
				9F5849DA17CB96880013F0D0 /* app-blurred-bg-7.jpg in Resources */,
				9F5849DB17CB96880013F0D0 /* app-blurred-bg-8.jpg in Resources */,
				9F5849DC17CB96880013F0D0 /* app-blurred-bg-9.jpg in Resources */,
				9F5849DD17CB96880013F0D0 /* MediaLoot_License_Agreement.pdf in Resources */,
				9FBEDB2417CC3C3E000AC750 /* background.png in Resources */,
				9FBEDB2617CC3C63000AC750 /* all_background.png in Resources */,
				9FBEDB2B17CC3F09000AC750 /* play_background.png in Resources */,
				9FBEDB2D17CC401A000AC750 /* MainStoryboard.storyboard in Resources */,
				9FBEDB2F17CC4A79000AC750 /* dark_background.png in Resources */,
				9FBEDB3417CC7D31000AC750 /* next.png in Resources */,
				9FBEDB3517CC7D31000AC750 /* play.png in Resources */,
				9FBEDB3617CC7D31000AC750 /* previous.png in Resources */,
				9FBEDB3917CC84BD000AC750 /* max.png in Resources */,
				9FBEDB3A17CC84BD000AC750 /* min.png in Resources */,
				9FBEDB3C17CC871D000AC750 /* volume.png in Resources */,
				9F8BA18217CCFB38003375D0 /* starbucks.png in Resources */,
				9F8BA18417CD1159003375D0 /* preview.png in Resources */,
				9FC274CC17CEE30F009B36E4 /* doco.mp3 in Resources */,
				9FC274D717CF05E1009B36E4 /* demo.mp3 in Resources */,
				9FC274D917CF06AE009B36E4 /* demo.jpg in Resources */,
				9FC274DB17CF1266009B36E4 /* pouse.png in Resources */,
			);
			runOnlyForDeploymentPostprocessing = 0;
		};
/* End PBXResourcesBuildPhase section */

/* Begin PBXSourcesBuildPhase section */
		9F86F61C17C9BB7800D8F576 /* Sources */ = {
			isa = PBXSourcesBuildPhase;
			buildActionMask = 2147483647;
			files = (
				9F86F63017C9BB7800D8F576 /* main.m in Sources */,
				9F86F63417C9BB7800D8F576 /* MimpAppDelegate.m in Sources */,
				9F86F64017C9BB7800D8F576 /* MimpViewController.m in Sources */,
				9F86F65717C9C16900D8F576 /* MapViewController.m in Sources */,
				9FCB47EB17C9EF400099AC5A /* FUIAlertView.m in Sources */,
				9FCB47EC17C9EF400099AC5A /* FUIButton.m in Sources */,
				9FCB47ED17C9EF400099AC5A /* FUICellBackgroundView.m in Sources */,
				9FCB47EE17C9EF400099AC5A /* FUIPopoverBackgroundView.m in Sources */,
				9FCB47EF17C9EF400099AC5A /* FUISegmentedControl.m in Sources */,
				9FCB47F017C9EF400099AC5A /* FUISwitch.m in Sources */,
				9FCB47F117C9EF400099AC5A /* UIBarButtonItem+FlatUI.m in Sources */,
				9FCB47F217C9EF400099AC5A /* UIColor+FlatUI.m in Sources */,
				9FCB47F317C9EF400099AC5A /* UIFont+FlatUI.m in Sources */,
				9FCB47F417C9EF400099AC5A /* UIImage+FlatUI.m in Sources */,
				9FCB47F517C9EF400099AC5A /* UINavigationBar+FlatUI.m in Sources */,
				9FCB47F617C9EF400099AC5A /* UIPopoverController+FlatUI.m in Sources */,
				9FCB47F717C9EF400099AC5A /* UIProgressView+FlatUI.m in Sources */,
				9FCB47F817C9EF400099AC5A /* UISlider+FlatUI.m in Sources */,
				9FCB47F917C9EF400099AC5A /* UIStepper+FlatUI.m in Sources */,
				9FCB47FA17C9EF400099AC5A /* UITabBar+FlatUI.m in Sources */,
				9FCB47FB17C9EF400099AC5A /* UITableViewCell+FlatUI.m in Sources */,
				9FCB47FC17C9EF400099AC5A /* UIToolbar+FlatUI.m in Sources */,
				9FBD4AD017CAEB7F0069958D /* CustomAnnotation.m in Sources */,
				9F5849E017CB9ADE0013F0D0 /* PlayViewController.m in Sources */,
				9F59297217CE7C9A000310B4 /* ListViewController.m in Sources */,
				9F59297517CE7F88000310B4 /* XMLParser.m in Sources */,
			);
			runOnlyForDeploymentPostprocessing = 0;
		};
/* End PBXSourcesBuildPhase section */

/* Begin PBXVariantGroup section */
		9F86F62C17C9BB7800D8F576 /* InfoPlist.strings */ = {
			isa = PBXVariantGroup;
			children = (
				9F86F62D17C9BB7800D8F576 /* en */,
			);
			name = InfoPlist.strings;
			sourceTree = "<group>";
		};
/* End PBXVariantGroup section */

/* Begin XCBuildConfiguration section */
		9F86F64117C9BB7800D8F576 /* Debug */ = {
			isa = XCBuildConfiguration;
			buildSettings = {
				ALWAYS_SEARCH_USER_PATHS = NO;
				CLANG_CXX_LANGUAGE_STANDARD = "gnu++0x";
				CLANG_CXX_LIBRARY = "libc++";
				CLANG_ENABLE_OBJC_ARC = YES;
				CLANG_WARN_CONSTANT_CONVERSION = YES;
				CLANG_WARN_EMPTY_BODY = YES;
				CLANG_WARN_ENUM_CONVERSION = YES;
				CLANG_WARN_INT_CONVERSION = YES;
				CLANG_WARN__DUPLICATE_METHOD_MATCH = YES;
				CODE_SIGN_IDENTITY = "iPhone Developer";
				"CODE_SIGN_IDENTITY[sdk=iphoneos*]" = "iPhone Developer";
				COPY_PHASE_STRIP = NO;
				GCC_C_LANGUAGE_STANDARD = gnu99;
				GCC_DYNAMIC_NO_PIC = NO;
				GCC_OPTIMIZATION_LEVEL = 0;
				GCC_PREPROCESSOR_DEFINITIONS = (
					"DEBUG=1",
					"$(inherited)",
				);
				GCC_SYMBOLS_PRIVATE_EXTERN = NO;
				GCC_WARN_ABOUT_RETURN_TYPE = YES;
				GCC_WARN_UNINITIALIZED_AUTOS = YES;
				GCC_WARN_UNUSED_VARIABLE = YES;
				IPHONEOS_DEPLOYMENT_TARGET = 6.1;
				ONLY_ACTIVE_ARCH = YES;
				PROVISIONING_PROFILE = "";
				"PROVISIONING_PROFILE[sdk=iphoneos*]" = "";
				SDKROOT = iphoneos;
			};
			name = Debug;
		};
		9F86F64217C9BB7800D8F576 /* Release */ = {
			isa = XCBuildConfiguration;
			buildSettings = {
				ALWAYS_SEARCH_USER_PATHS = NO;
				CLANG_CXX_LANGUAGE_STANDARD = "gnu++0x";
				CLANG_CXX_LIBRARY = "libc++";
				CLANG_ENABLE_OBJC_ARC = YES;
				CLANG_WARN_CONSTANT_CONVERSION = YES;
				CLANG_WARN_EMPTY_BODY = YES;
				CLANG_WARN_ENUM_CONVERSION = YES;
				CLANG_WARN_INT_CONVERSION = YES;
				CLANG_WARN__DUPLICATE_METHOD_MATCH = YES;
				CODE_SIGN_IDENTITY = "iPhone Developer";
				"CODE_SIGN_IDENTITY[sdk=iphoneos*]" = "iPhone Developer";
				COPY_PHASE_STRIP = YES;
				GCC_C_LANGUAGE_STANDARD = gnu99;
				GCC_WARN_ABOUT_RETURN_TYPE = YES;
				GCC_WARN_UNINITIALIZED_AUTOS = YES;
				GCC_WARN_UNUSED_VARIABLE = YES;
				IPHONEOS_DEPLOYMENT_TARGET = 6.1;
				OTHER_CFLAGS = "-DNS_BLOCK_ASSERTIONS=1";
				PROVISIONING_PROFILE = "";
				"PROVISIONING_PROFILE[sdk=iphoneos*]" = "";
				SDKROOT = iphoneos;
				VALIDATE_PRODUCT = YES;
			};
			name = Release;
		};
		9F86F64417C9BB7800D8F576 /* Debug */ = {
			isa = XCBuildConfiguration;
			buildSettings = {
				CODE_SIGN_IDENTITY = "iPhone Developer";
				FRAMEWORK_SEARCH_PATHS = (
					"$(inherited)",
					"\"$(SRCROOT)/../FacebookSDK\"",
				);
				GCC_PRECOMPILE_PREFIX_HEADER = YES;
				GCC_PREFIX_HEADER = "Mimp/Mimp-Prefix.pch";
				INFOPLIST_FILE = "Mimp/Mimp-Info.plist";
				PRODUCT_NAME = "$(TARGET_NAME)";
				PROVISIONING_PROFILE = "";
				WRAPPER_EXTENSION = app;
			};
			name = Debug;
		};
		9F86F64517C9BB7800D8F576 /* Release */ = {
			isa = XCBuildConfiguration;
			buildSettings = {
				CODE_SIGN_IDENTITY = "iPhone Developer";
				FRAMEWORK_SEARCH_PATHS = (
					"$(inherited)",
					"\"$(SRCROOT)/../FacebookSDK\"",
				);
				GCC_PRECOMPILE_PREFIX_HEADER = YES;
				GCC_PREFIX_HEADER = "Mimp/Mimp-Prefix.pch";
				INFOPLIST_FILE = "Mimp/Mimp-Info.plist";
				PRODUCT_NAME = "$(TARGET_NAME)";
				PROVISIONING_PROFILE = "";
				WRAPPER_EXTENSION = app;
			};
			name = Release;
		};
/* End XCBuildConfiguration section */

/* Begin XCConfigurationList section */
		9F86F61B17C9BB7800D8F576 /* Build configuration list for PBXProject "Mimp" */ = {
			isa = XCConfigurationList;
			buildConfigurations = (
				9F86F64117C9BB7800D8F576 /* Debug */,
				9F86F64217C9BB7800D8F576 /* Release */,
			);
			defaultConfigurationIsVisible = 0;
			defaultConfigurationName = Release;
		};
		9F86F64317C9BB7800D8F576 /* Build configuration list for PBXNativeTarget "Mimp" */ = {
			isa = XCConfigurationList;
			buildConfigurations = (
				9F86F64417C9BB7800D8F576 /* Debug */,
				9F86F64517C9BB7800D8F576 /* Release */,
			);
			defaultConfigurationIsVisible = 0;
			defaultConfigurationName = Release;
		};
/* End XCConfigurationList section */
	};
	rootObject = 9F86F61817C9BB7800D8F576 /* Project object */;
}
